{
  "nodes": {
    "nixpkgs": {
      "locked": {
        "lastModified": 1660150769,
        "narHash": "sha256-EaCguo1K870b1pTDewhTB5QPw9Znrz6TD3aLEmQS0J4=",
        "owner": "NixOS",
        "repo": "nixpkgs",
        "rev": "f7bf1c8f79c49dd22be2ab6cbec951f2de3ed02e",
        "type": "github"
      },
      "original": {
        "id": "nixpkgs",
        "ref": "nixos-22.05-small",
        "type": "indirect"
      }
    },
    "root": {
      "inputs": {
        "nixpkgs": "nixpkgs"
      }
    }
  },
  "root": "root",
  "version": 7
}
