{
  "name": "stackman",
  "version": "0.0.1",
  "lockfileVersion": 2,
  "requires": true,
  "packages": {
    "": {
      "name": "stackman",
      "version": "0.0.1",
      "license": "AGPL-3.0-or-later",
      "dependencies": {
        "@fontsource/roboto-mono": "^4.5.8",
        "preact": "^10.10.2",
        "wobble": "^1.5.1"
      },
      "devDependencies": {
        "typescript": "^4.7.4",
        "wmr": "^3.7.2"
      }
    },
    "node_modules/@fontsource/roboto-mono": {
      "version": "4.5.8",
      "resolved": "https://registry.npmjs.org/@fontsource/roboto-mono/-/roboto-mono-4.5.8.tgz",
      "integrity": "sha512-AW44UkbQD0w1CT5mzDbsvhGZ6/bb0YmZzoELj6Sx8vcVEzcbYGUdt2Dtl5zqlOuYMWQFY1mniwWyVv+Bm/lVxw=="
    },
    "node_modules/preact": {
      "version": "10.10.2",
      "license": "MIT",
      "funding": {
        "type": "opencollective",
        "url": "https://opencollective.com/preact"
      }
    },
    "node_modules/typescript": {
      "version": "4.7.4",
      "resolved": "https://registry.npmjs.org/typescript/-/typescript-4.7.4.tgz",
      "integrity": "sha512-C0WQT0gezHuw6AdY1M2jxUO83Rjf0HP7Sk1DtXj6j1EwkQNZrHAg2XPWlq62oqEhYvONq5pkC2Y9oPljWToLmQ==",
      "dev": true,
      "bin": {
        "tsc": "bin/tsc",
        "tsserver": "bin/tsserver"
      },
      "engines": {
        "node": ">=4.2.0"
      }
    },
    "node_modules/wmr": {
      "version": "3.7.2",
      "dev": true,
      "license": "MIT",
      "bin": {
        "wmr": "wmr.cjs"
      },
      "engines": {
        "node": ">=12.17.x"
      }
    },
    "node_modules/wobble": {
      "version": "1.5.1",
      "resolved": "https://registry.npmjs.org/wobble/-/wobble-1.5.1.tgz",
      "integrity": "sha512-vQD1uu0yXhZWfQJKVf2UVNb3AVnD0qXAbcIqG6Aw02ABLVm77xz6KcLuduWSwOiOMNh8TjZqouZsHTJWTdLwVQ=="
    }
  },
  "dependencies": {
    "@fontsource/roboto-mono": {
      "version": "4.5.8",
      "resolved": "https://registry.npmjs.org/@fontsource/roboto-mono/-/roboto-mono-4.5.8.tgz",
      "integrity": "sha512-AW44UkbQD0w1CT5mzDbsvhGZ6/bb0YmZzoELj6Sx8vcVEzcbYGUdt2Dtl5zqlOuYMWQFY1mniwWyVv+Bm/lVxw=="
    },
    "preact": {
      "version": "10.10.2"
    },
    "typescript": {
      "version": "4.7.4",
      "resolved": "https://registry.npmjs.org/typescript/-/typescript-4.7.4.tgz",
      "integrity": "sha512-C0WQT0gezHuw6AdY1M2jxUO83Rjf0HP7Sk1DtXj6j1EwkQNZrHAg2XPWlq62oqEhYvONq5pkC2Y9oPljWToLmQ==",
      "dev": true
    },
    "wmr": {
      "version": "3.7.2",
      "dev": true
    },
    "wobble": {
      "version": "1.5.1",
      "resolved": "https://registry.npmjs.org/wobble/-/wobble-1.5.1.tgz",
      "integrity": "sha512-vQD1uu0yXhZWfQJKVf2UVNb3AVnD0qXAbcIqG6Aw02ABLVm77xz6KcLuduWSwOiOMNh8TjZqouZsHTJWTdLwVQ=="
    }
  }
}
