{
  "name": "stackman",
  "version": "0.0.1",
  "lockfileVersion": 2,
  "requires": true,
  "packages": {
    "": {
      "name": "stackman",
      "version": "0.0.1",
      "license": "AGPL-3.0-or-later",
      "dependencies": {
        "preact": "^10.10.2"
      },
      "devDependencies": {
        "typescript": "^4.7.4",
        "wmr": "^3.7.2"
      }
    },
    "node_modules/preact": {
      "version": "10.10.2",
      "license": "MIT",
      "funding": {
        "type": "opencollective",
        "url": "https://opencollective.com/preact"
      }
    },
    "node_modules/typescript": {
      "version": "4.7.4",
      "resolved": "https://registry.npmjs.org/typescript/-/typescript-4.7.4.tgz",
      "integrity": "sha512-C0WQT0gezHuw6AdY1M2jxUO83Rjf0HP7Sk1DtXj6j1EwkQNZrHAg2XPWlq62oqEhYvONq5pkC2Y9oPljWToLmQ==",
      "dev": true,
      "bin": {
        "tsc": "bin/tsc",
        "tsserver": "bin/tsserver"
      },
      "engines": {
        "node": ">=4.2.0"
      }
    },
    "node_modules/wmr": {
      "version": "3.7.2",
      "dev": true,
      "license": "MIT",
      "bin": {
        "wmr": "wmr.cjs"
      },
      "engines": {
        "node": ">=12.17.x"
      }
    }
  },
  "dependencies": {
    "preact": {
      "version": "10.10.2"
    },
    "typescript": {
      "version": "4.7.4",
      "resolved": "https://registry.npmjs.org/typescript/-/typescript-4.7.4.tgz",
      "integrity": "sha512-C0WQT0gezHuw6AdY1M2jxUO83Rjf0HP7Sk1DtXj6j1EwkQNZrHAg2XPWlq62oqEhYvONq5pkC2Y9oPljWToLmQ==",
      "dev": true
    },
    "wmr": {
      "version": "3.7.2",
      "dev": true
    }
  }
}
